
Microsoft Visual Studio Solution File, Format Version 12.00
# Visual Studio 15
VisualStudioVersion = 15.0.28307.421
MinimumVisualStudioVersion = 10.0.40219.1
Project("{FAE04EC0-301F-11D3-BF4B-00C04F79EFBC}") = "ethko", "ethko\ethko.csproj", "{7A31A13B-A259-46DE-A317-C52CB490347B}"
EndProject
Global
	GlobalSection(SolutionConfigurationPlatforms) = preSolution
		Debug|Any CPU = Debug|Any CPU
		Release|Any CPU = Release|Any CPU
	EndGlobalSection
	GlobalSection(ProjectConfigurationPlatforms) = postSolution
		{7A31A13B-A259-46DE-A317-C52CB490347B}.Debug|Any CPU.ActiveCfg = Debug|Any CPU
		{7A31A13B-A259-46DE-A317-C52CB490347B}.Debug|Any CPU.Build.0 = Debug|Any CPU
		{7A31A13B-A259-46DE-A317-C52CB490347B}.Release|Any CPU.ActiveCfg = Release|Any CPU
		{7A31A13B-A259-46DE-A317-C52CB490347B}.Release|Any CPU.Build.0 = Release|Any CPU
	EndGlobalSection
	GlobalSection(SolutionProperties) = preSolution
		HideSolutionNode = FALSE
	EndGlobalSection
	GlobalSection(ExtensibilityGlobals) = postSolution
		SolutionGuid = {76F01A46-B5D0-4F94-A7A3-B7A8C5DDB24B}
	EndGlobalSection
EndGlobal
